
Microsoft Visual Studio Solution File, Format Version 11.00
# Visual Studio 2010
Project("{FAE04EC0-301F-11D3-BF4B-00C04F79EFBC}") = "StreamDesk", "StreamDesk\StreamDesk.csproj", "{CD48E228-8B2B-4FA8-A514-469DB1A177FF}"
EndProject
Project("{FAE04EC0-301F-11D3-BF4B-00C04F79EFBC}") = "StreamDesk.Framework", "StreamDesk.Framework\StreamDesk.Framework.csproj", "{FEC7EB59-4CE0-46DC-9AC2-5852D9778633}"
EndProject
Project("{2150E333-8FDC-42A3-9474-1A3956D46DE8}") = "StreamDesk Client SDK", "StreamDesk Client SDK", "{1B3A6412-C740-4BFA-BCE1-411CFCB7829B}"
EndProject
Project("{FAE04EC0-301F-11D3-BF4B-00C04F79EFBC}") = "StreamDesk.Framework.WinForms", "StreamDesk.Framework.Winforms\StreamDesk.Framework.WinForms.csproj", "{B1D5DBCC-6937-4F10-8056-B36A26CEF6B3}"
EndProject
Global
	GlobalSection(SolutionConfigurationPlatforms) = preSolution
		Debug|Any CPU = Debug|Any CPU
		Release|Any CPU = Release|Any CPU
	EndGlobalSection
	GlobalSection(ProjectConfigurationPlatforms) = postSolution
		{CD48E228-8B2B-4FA8-A514-469DB1A177FF}.Debug|Any CPU.ActiveCfg = Debug|Any CPU
		{CD48E228-8B2B-4FA8-A514-469DB1A177FF}.Debug|Any CPU.Build.0 = Debug|Any CPU
		{CD48E228-8B2B-4FA8-A514-469DB1A177FF}.Release|Any CPU.ActiveCfg = Release|Any CPU
		{CD48E228-8B2B-4FA8-A514-469DB1A177FF}.Release|Any CPU.Build.0 = Release|Any CPU
		{FEC7EB59-4CE0-46DC-9AC2-5852D9778633}.Debug|Any CPU.ActiveCfg = Debug|Any CPU
		{FEC7EB59-4CE0-46DC-9AC2-5852D9778633}.Debug|Any CPU.Build.0 = Debug|Any CPU
		{FEC7EB59-4CE0-46DC-9AC2-5852D9778633}.Release|Any CPU.ActiveCfg = Release|Any CPU
		{FEC7EB59-4CE0-46DC-9AC2-5852D9778633}.Release|Any CPU.Build.0 = Release|Any CPU
		{B1D5DBCC-6937-4F10-8056-B36A26CEF6B3}.Debug|Any CPU.ActiveCfg = Debug|Any CPU
		{B1D5DBCC-6937-4F10-8056-B36A26CEF6B3}.Debug|Any CPU.Build.0 = Debug|Any CPU
		{B1D5DBCC-6937-4F10-8056-B36A26CEF6B3}.Release|Any CPU.ActiveCfg = Release|Any CPU
		{B1D5DBCC-6937-4F10-8056-B36A26CEF6B3}.Release|Any CPU.Build.0 = Release|Any CPU
	EndGlobalSection
	GlobalSection(SolutionProperties) = preSolution
		HideSolutionNode = FALSE
	EndGlobalSection
	GlobalSection(NestedProjects) = preSolution
		{FEC7EB59-4CE0-46DC-9AC2-5852D9778633} = {1B3A6412-C740-4BFA-BCE1-411CFCB7829B}
		{B1D5DBCC-6937-4F10-8056-B36A26CEF6B3} = {1B3A6412-C740-4BFA-BCE1-411CFCB7829B}
	EndGlobalSection
EndGlobal
